
Microsoft Visual Studio Solution File, Format Version 12.00
# Visual Studio Version 17
VisualStudioVersion = 17.8.34309.116
MinimumVisualStudioVersion = 10.0.40219.1
Project("{9A19103F-16F7-4668-BE54-9A1E7A4F7556}") = "ShopWebApp", "ShopWebApp.csproj", "{A3C06CDB-4801-4F94-B374-D50D8741E664}"
EndProject
Project("{FAE04EC0-301F-11D3-BF4B-00C04F79EFBC}") = "ShopWebApp.Core", "..\ShopWebApp.Core\ShopWebApp.Core.csproj", "{65A3378C-4F35-4C87-B09A-73B37AFE84FD}"
EndProject
Project("{FAE04EC0-301F-11D3-BF4B-00C04F79EFBC}") = "ShopWebApp.Infrastrcuture", "..\ShopWebApp.Infrastrcuture\ShopWebApp.Infrastrcuture.csproj", "{61BC9B82-9382-4A7B-898A-287A3B848021}"
EndProject
Global
	GlobalSection(SolutionConfigurationPlatforms) = preSolution
		Debug|Any CPU = Debug|Any CPU
		Release|Any CPU = Release|Any CPU
	EndGlobalSection
	GlobalSection(ProjectConfigurationPlatforms) = postSolution
		{A3C06CDB-4801-4F94-B374-D50D8741E664}.Debug|Any CPU.ActiveCfg = Debug|Any CPU
		{A3C06CDB-4801-4F94-B374-D50D8741E664}.Debug|Any CPU.Build.0 = Debug|Any CPU
		{A3C06CDB-4801-4F94-B374-D50D8741E664}.Release|Any CPU.ActiveCfg = Release|Any CPU
		{A3C06CDB-4801-4F94-B374-D50D8741E664}.Release|Any CPU.Build.0 = Release|Any CPU
		{65A3378C-4F35-4C87-B09A-73B37AFE84FD}.Debug|Any CPU.ActiveCfg = Debug|Any CPU
		{65A3378C-4F35-4C87-B09A-73B37AFE84FD}.Debug|Any CPU.Build.0 = Debug|Any CPU
		{65A3378C-4F35-4C87-B09A-73B37AFE84FD}.Release|Any CPU.ActiveCfg = Release|Any CPU
		{65A3378C-4F35-4C87-B09A-73B37AFE84FD}.Release|Any CPU.Build.0 = Release|Any CPU
		{61BC9B82-9382-4A7B-898A-287A3B848021}.Debug|Any CPU.ActiveCfg = Debug|Any CPU
		{61BC9B82-9382-4A7B-898A-287A3B848021}.Debug|Any CPU.Build.0 = Debug|Any CPU
		{61BC9B82-9382-4A7B-898A-287A3B848021}.Release|Any CPU.ActiveCfg = Release|Any CPU
		{61BC9B82-9382-4A7B-898A-287A3B848021}.Release|Any CPU.Build.0 = Release|Any CPU
	EndGlobalSection
	GlobalSection(SolutionProperties) = preSolution
		HideSolutionNode = FALSE
	EndGlobalSection
	GlobalSection(ExtensibilityGlobals) = postSolution
		SolutionGuid = {85F2BB0E-2DA7-41C4-9D00-058241C1951C}
	EndGlobalSection
EndGlobal
